
Microsoft Visual Studio Solution File, Format Version 12.00
# Visual Studio Version 16
VisualStudioVersion = 16.0.30907.101
MinimumVisualStudioVersion = 10.0.40219.1
Project("{FAE04EC0-301F-11D3-BF4B-00C04F79EFBC}") = "Ejercicio4", "Taller4P4a\Ejercicio4.csproj", "{31AE95ED-E4D5-4F9F-9D7C-66096CBDEFD6}"
EndProject
Global
	GlobalSection(SolutionConfigurationPlatforms) = preSolution
		Debug|x86 = Debug|x86
		Release|x86 = Release|x86
	EndGlobalSection
	GlobalSection(ProjectConfigurationPlatforms) = postSolution
		{31AE95ED-E4D5-4F9F-9D7C-66096CBDEFD6}.Debug|x86.ActiveCfg = Debug|x86
		{31AE95ED-E4D5-4F9F-9D7C-66096CBDEFD6}.Debug|x86.Build.0 = Debug|x86
		{31AE95ED-E4D5-4F9F-9D7C-66096CBDEFD6}.Release|x86.ActiveCfg = Release|x86
		{31AE95ED-E4D5-4F9F-9D7C-66096CBDEFD6}.Release|x86.Build.0 = Release|x86
	EndGlobalSection
	GlobalSection(SolutionProperties) = preSolution
		HideSolutionNode = FALSE
	EndGlobalSection
	GlobalSection(ExtensibilityGlobals) = postSolution
		SolutionGuid = {DFA118AC-7E4E-49E3-B42B-EB6495A69D55}
	EndGlobalSection
EndGlobal
